Microsoft Visual Studio Solution File, Format Version 12.00
# Visual Studio Version 17
VisualStudioVersion = 17.13.35919.96
MinimumVisualStudioVersion = 10.0.40219.1
Project("{FAE04EC0-301F-11D3-BF4B-00C04F79EFBC}") = "MauiAPP", "MauiAPP\MauiAPP.csproj", "{F8B2F7D4-4144-4882-83D9-68D19DA27B25}"
EndProject
Global
	GlobalSection(SolutionConfigurationPlatforms) = preSolution
		Debug|Any CPU = Debug|Any CPU
		Release|Any CPU = Release|Any CPU
	EndGlobalSection
	GlobalSection(ProjectConfigurationPlatforms) = postSolution
		{F8B2F7D4-4144-4882-83D9-68D19DA27B25}.Debug|Any CPU.ActiveCfg = Debug|Any CPU
		{F8B2F7D4-4144-4882-83D9-68D19DA27B25}.Debug|Any CPU.Build.0 = Debug|Any CPU
		{F8B2F7D4-4144-4882-83D9-68D19DA27B25}.Debug|Any CPU.Deploy.0 = Debug|Any CPU
		{F8B2F7D4-4144-4882-83D9-68D19DA27B25}.Release|Any CPU.ActiveCfg = Release|Any CPU
		{F8B2F7D4-4144-4882-83D9-68D19DA27B25}.Release|Any CPU.Build.0 = Release|Any CPU
		{F8B2F7D4-4144-4882-83D9-68D19DA27B25}.Release|Any CPU.Deploy.0 = Release|Any CPU
	EndGlobalSection
	GlobalSection(SolutionProperties) = preSolution
		HideSolutionNode = FALSE
	EndGlobalSection
	GlobalSection(ExtensibilityGlobals) = postSolution
		SolutionGuid = {10677E44-AAC0-4BD9-A293-02CE3F8E2311}
	EndGlobalSection
EndGlobal
